
Microsoft Visual Studio Solution File, Format Version 12.00
# Visual Studio 15
VisualStudioVersion = 15.0.28307.1433
MinimumVisualStudioVersion = 10.0.40219.1
Project("{FAE04EC0-301F-11D3-BF4B-00C04F79EFBC}") = "Warstwy", "Warstwy\Warstwy.csproj", "{FD00DE77-43FB-4FFB-B7F1-1643B79D9226}"
EndProject
Project("{FAE04EC0-301F-11D3-BF4B-00C04F79EFBC}") = "Data", "Data\Data.csproj", "{6E6DB923-08E6-4DAE-91EC-7E6508491DF2}"
EndProject
Project("{FAE04EC0-301F-11D3-BF4B-00C04F79EFBC}") = "Logic", "Logic\Logic.csproj", "{2A43BDE2-654A-47D8-838B-72F4CA968003}"
EndProject
Global
	GlobalSection(SolutionConfigurationPlatforms) = preSolution
		Debug|Any CPU = Debug|Any CPU
		Release|Any CPU = Release|Any CPU
	EndGlobalSection
	GlobalSection(ProjectConfigurationPlatforms) = postSolution
		{FD00DE77-43FB-4FFB-B7F1-1643B79D9226}.Debug|Any CPU.ActiveCfg = Debug|Any CPU
		{FD00DE77-43FB-4FFB-B7F1-1643B79D9226}.Debug|Any CPU.Build.0 = Debug|Any CPU
		{FD00DE77-43FB-4FFB-B7F1-1643B79D9226}.Release|Any CPU.ActiveCfg = Release|Any CPU
		{FD00DE77-43FB-4FFB-B7F1-1643B79D9226}.Release|Any CPU.Build.0 = Release|Any CPU
		{6E6DB923-08E6-4DAE-91EC-7E6508491DF2}.Debug|Any CPU.ActiveCfg = Debug|Any CPU
		{6E6DB923-08E6-4DAE-91EC-7E6508491DF2}.Debug|Any CPU.Build.0 = Debug|Any CPU
		{6E6DB923-08E6-4DAE-91EC-7E6508491DF2}.Release|Any CPU.ActiveCfg = Release|Any CPU
		{6E6DB923-08E6-4DAE-91EC-7E6508491DF2}.Release|Any CPU.Build.0 = Release|Any CPU
		{2A43BDE2-654A-47D8-838B-72F4CA968003}.Debug|Any CPU.ActiveCfg = Debug|Any CPU
		{2A43BDE2-654A-47D8-838B-72F4CA968003}.Debug|Any CPU.Build.0 = Debug|Any CPU
		{2A43BDE2-654A-47D8-838B-72F4CA968003}.Release|Any CPU.ActiveCfg = Release|Any CPU
		{2A43BDE2-654A-47D8-838B-72F4CA968003}.Release|Any CPU.Build.0 = Release|Any CPU
	EndGlobalSection
	GlobalSection(SolutionProperties) = preSolution
		HideSolutionNode = FALSE
	EndGlobalSection
	GlobalSection(ExtensibilityGlobals) = postSolution
		SolutionGuid = {9EACC27A-DC2B-4934-9947-39B6A84A5681}
	EndGlobalSection
EndGlobal
